
Microsoft Visual Studio Solution File, Format Version 12.00
# Visual Studio Version 17
VisualStudioVersion = 17.9.34701.34
MinimumVisualStudioVersion = 10.0.40219.1
Project("{FAE04EC0-301F-11D3-BF4B-00C04F79EFBC}") = "WebVakt-API", "WebVakt-API.csproj", "{7867910E-D187-4BCD-8BC8-A324EC33D585}"
EndProject
Global
	GlobalSection(SolutionConfigurationPlatforms) = preSolution
		Debug|Any CPU = Debug|Any CPU
		Release|Any CPU = Release|Any CPU
	EndGlobalSection
	GlobalSection(ProjectConfigurationPlatforms) = postSolution
		{7867910E-D187-4BCD-8BC8-A324EC33D585}.Debug|Any CPU.ActiveCfg = Debug|Any CPU
		{7867910E-D187-4BCD-8BC8-A324EC33D585}.Debug|Any CPU.Build.0 = Debug|Any CPU
		{7867910E-D187-4BCD-8BC8-A324EC33D585}.Release|Any CPU.ActiveCfg = Release|Any CPU
		{7867910E-D187-4BCD-8BC8-A324EC33D585}.Release|Any CPU.Build.0 = Release|Any CPU
	EndGlobalSection
	GlobalSection(SolutionProperties) = preSolution
		HideSolutionNode = FALSE
	EndGlobalSection
	GlobalSection(ExtensibilityGlobals) = postSolution
		SolutionGuid = {C8E7ADEF-0F4C-4585-AF84-6A9C01C5A7F5}
	EndGlobalSection
EndGlobal
